
Microsoft Visual Studio Solution File, Format Version 12.00
Project("{FAE04EC0-301F-11D3-BF4B-00C04F79EFBC}") = "saimon3", "saimon3.csproj", "{9FCB0B94-67EC-4D52-AB14-5997A839C5C4}"
EndProject
Global
	GlobalSection(SolutionConfigurationPlatforms) = preSolution
		Debug|Any CPU = Debug|Any CPU
		Release|Any CPU = Release|Any CPU
	EndGlobalSection
	GlobalSection(ProjectConfigurationPlatforms) = postSolution
		{9FCB0B94-67EC-4D52-AB14-5997A839C5C4}.Debug|Any CPU.ActiveCfg = Debug|Any CPU
		{9FCB0B94-67EC-4D52-AB14-5997A839C5C4}.Debug|Any CPU.Build.0 = Debug|Any CPU
		{9FCB0B94-67EC-4D52-AB14-5997A839C5C4}.Release|Any CPU.ActiveCfg = Release|Any CPU
		{9FCB0B94-67EC-4D52-AB14-5997A839C5C4}.Release|Any CPU.Build.0 = Release|Any CPU
	EndGlobalSection
EndGlobal
